
Microsoft Visual Studio Solution File, Format Version 12.00
# Visual Studio 2012
Project("{FAE04EC0-301F-11D3-BF4B-00C04F79EFBC}") = "NotesManager.Business.Services", "NotesManager.Business.Services\NotesManager.Business.Services.csproj", "{FD96CB1C-7F6B-418E-A643-78897E86FF5B}"
EndProject
Project("{FAE04EC0-301F-11D3-BF4B-00C04F79EFBC}") = "NotesManager.Domain.Interfaces", "NotesManager.Domain.Interfaces\NotesManager.Domain.Interfaces.csproj", "{9CC257C4-1362-4156-9DD8-2A0A66A597F7}"
EndProject
Project("{FAE04EC0-301F-11D3-BF4B-00C04F79EFBC}") = "NotesManager.Domain.Entities", "NotesManager.Domain.Entities\NotesManager.Domain.Entities.csproj", "{BB9D8013-CDE0-48E2-A3F8-AD3A611B5675}"
EndProject
Project("{FAE04EC0-301F-11D3-BF4B-00C04F79EFBC}") = "NotesManager.Infrastructure.Data", "NotesManager.Infrastructure.Data\NotesManager.Infrastructure.Data.csproj", "{120A1DC7-1468-48F7-B67F-279C1DC8F165}"
EndProject
Project("{FAE04EC0-301F-11D3-BF4B-00C04F79EFBC}") = "NotesManager.Infrastructure.DependencyInjection", "NotesManager.Infrastructure.DependencyInjection\NotesManager.Infrastructure.DependencyInjection.csproj", "{BD5DAE70-A30C-479D-ACB5-602CCE97D626}"
EndProject
Project("{FAE04EC0-301F-11D3-BF4B-00C04F79EFBC}") = "NotesManager.Web.UI", "NotesManager.Web.UI\NotesManager.Web.UI.csproj", "{287B8162-BFFC-44E3-A2F0-497A9D4D4081}"
EndProject
Project("{FAE04EC0-301F-11D3-BF4B-00C04F79EFBC}") = "NotesManager.Web.UI.Tests", "NotesManager.Web.UI.Tests\NotesManager.Web.UI.Tests.csproj", "{A3739BFB-A147-4C58-887B-FD64F7E420D5}"
EndProject
Project("{2150E333-8FDC-42A3-9474-1A3956D46DE8}") = "Clients", "Clients", "{D8E9AB20-7818-40AF-B95A-916CBD0337EF}"
EndProject
Project("{2150E333-8FDC-42A3-9474-1A3956D46DE8}") = "Infrastructure", "Infrastructure", "{26201626-B40E-42CE-8822-87337DA6DAEB}"
EndProject
Project("{2150E333-8FDC-42A3-9474-1A3956D46DE8}") = "CompositeRoot", "CompositeRoot", "{2CADA0E5-8C2C-4820-A1F6-4041CF1C775E}"
EndProject
Project("{2150E333-8FDC-42A3-9474-1A3956D46DE8}") = "Data", "Data", "{7CF40ED1-0A3D-45AB-B0D0-7481E2B73C9C}"
EndProject
Project("{2150E333-8FDC-42A3-9474-1A3956D46DE8}") = "Services", "Services", "{1CEF1A0D-4A5C-47DD-A4E8-4A1E2D6F4D6E}"
EndProject
Project("{FAE04EC0-301F-11D3-BF4B-00C04F79EFBC}") = "NotesManager.Business.Interfaces", "NotesManager.Business.Interfaces\NotesManager.Business.Interfaces.csproj", "{75D69FF8-48A8-4534-8D05-A62C804D7980}"
EndProject
Project("{2150E333-8FDC-42A3-9474-1A3956D46DE8}") = "Web", "Web", "{B5BA7794-80AA-437D-8ADF-283B7E1520C1}"
EndProject
Project("{2150E333-8FDC-42A3-9474-1A3956D46DE8}") = "Windows", "Windows", "{53CCCE65-5D62-4036-8E1D-D7558F10A517}"
EndProject
Project("{2150E333-8FDC-42A3-9474-1A3956D46DE8}") = "Domain", "Domain", "{FFAB27C3-EF68-4673-95E3-5287E17D68F5}"
EndProject
Global
	GlobalSection(SolutionConfigurationPlatforms) = preSolution
		Debug|Any CPU = Debug|Any CPU
		Release|Any CPU = Release|Any CPU
	EndGlobalSection
	GlobalSection(ProjectConfigurationPlatforms) = postSolution
		{FD96CB1C-7F6B-418E-A643-78897E86FF5B}.Debug|Any CPU.ActiveCfg = Debug|Any CPU
		{FD96CB1C-7F6B-418E-A643-78897E86FF5B}.Debug|Any CPU.Build.0 = Debug|Any CPU
		{FD96CB1C-7F6B-418E-A643-78897E86FF5B}.Release|Any CPU.ActiveCfg = Release|Any CPU
		{FD96CB1C-7F6B-418E-A643-78897E86FF5B}.Release|Any CPU.Build.0 = Release|Any CPU
		{9CC257C4-1362-4156-9DD8-2A0A66A597F7}.Debug|Any CPU.ActiveCfg = Debug|Any CPU
		{9CC257C4-1362-4156-9DD8-2A0A66A597F7}.Debug|Any CPU.Build.0 = Debug|Any CPU
		{9CC257C4-1362-4156-9DD8-2A0A66A597F7}.Release|Any CPU.ActiveCfg = Release|Any CPU
		{9CC257C4-1362-4156-9DD8-2A0A66A597F7}.Release|Any CPU.Build.0 = Release|Any CPU
		{BB9D8013-CDE0-48E2-A3F8-AD3A611B5675}.Debug|Any CPU.ActiveCfg = Debug|Any CPU
		{BB9D8013-CDE0-48E2-A3F8-AD3A611B5675}.Debug|Any CPU.Build.0 = Debug|Any CPU
		{BB9D8013-CDE0-48E2-A3F8-AD3A611B5675}.Release|Any CPU.ActiveCfg = Release|Any CPU
		{BB9D8013-CDE0-48E2-A3F8-AD3A611B5675}.Release|Any CPU.Build.0 = Release|Any CPU
		{120A1DC7-1468-48F7-B67F-279C1DC8F165}.Debug|Any CPU.ActiveCfg = Debug|Any CPU
		{120A1DC7-1468-48F7-B67F-279C1DC8F165}.Debug|Any CPU.Build.0 = Debug|Any CPU
		{120A1DC7-1468-48F7-B67F-279C1DC8F165}.Release|Any CPU.ActiveCfg = Release|Any CPU
		{120A1DC7-1468-48F7-B67F-279C1DC8F165}.Release|Any CPU.Build.0 = Release|Any CPU
		{BD5DAE70-A30C-479D-ACB5-602CCE97D626}.Debug|Any CPU.ActiveCfg = Debug|Any CPU
		{BD5DAE70-A30C-479D-ACB5-602CCE97D626}.Debug|Any CPU.Build.0 = Debug|Any CPU
		{BD5DAE70-A30C-479D-ACB5-602CCE97D626}.Release|Any CPU.ActiveCfg = Release|Any CPU
		{BD5DAE70-A30C-479D-ACB5-602CCE97D626}.Release|Any CPU.Build.0 = Release|Any CPU
		{287B8162-BFFC-44E3-A2F0-497A9D4D4081}.Debug|Any CPU.ActiveCfg = Debug|Any CPU
		{287B8162-BFFC-44E3-A2F0-497A9D4D4081}.Debug|Any CPU.Build.0 = Debug|Any CPU
		{287B8162-BFFC-44E3-A2F0-497A9D4D4081}.Release|Any CPU.ActiveCfg = Release|Any CPU
		{287B8162-BFFC-44E3-A2F0-497A9D4D4081}.Release|Any CPU.Build.0 = Release|Any CPU
		{A3739BFB-A147-4C58-887B-FD64F7E420D5}.Debug|Any CPU.ActiveCfg = Debug|Any CPU
		{A3739BFB-A147-4C58-887B-FD64F7E420D5}.Debug|Any CPU.Build.0 = Debug|Any CPU
		{A3739BFB-A147-4C58-887B-FD64F7E420D5}.Release|Any CPU.ActiveCfg = Release|Any CPU
		{A3739BFB-A147-4C58-887B-FD64F7E420D5}.Release|Any CPU.Build.0 = Release|Any CPU
		{75D69FF8-48A8-4534-8D05-A62C804D7980}.Debug|Any CPU.ActiveCfg = Debug|Any CPU
		{75D69FF8-48A8-4534-8D05-A62C804D7980}.Debug|Any CPU.Build.0 = Debug|Any CPU
		{75D69FF8-48A8-4534-8D05-A62C804D7980}.Release|Any CPU.ActiveCfg = Release|Any CPU
		{75D69FF8-48A8-4534-8D05-A62C804D7980}.Release|Any CPU.Build.0 = Release|Any CPU
	EndGlobalSection
	GlobalSection(SolutionProperties) = preSolution
		HideSolutionNode = FALSE
	EndGlobalSection
	GlobalSection(NestedProjects) = preSolution
		{B5BA7794-80AA-437D-8ADF-283B7E1520C1} = {D8E9AB20-7818-40AF-B95A-916CBD0337EF}
		{53CCCE65-5D62-4036-8E1D-D7558F10A517} = {D8E9AB20-7818-40AF-B95A-916CBD0337EF}
		{2CADA0E5-8C2C-4820-A1F6-4041CF1C775E} = {26201626-B40E-42CE-8822-87337DA6DAEB}
		{7CF40ED1-0A3D-45AB-B0D0-7481E2B73C9C} = {26201626-B40E-42CE-8822-87337DA6DAEB}
		{BD5DAE70-A30C-479D-ACB5-602CCE97D626} = {2CADA0E5-8C2C-4820-A1F6-4041CF1C775E}
		{120A1DC7-1468-48F7-B67F-279C1DC8F165} = {7CF40ED1-0A3D-45AB-B0D0-7481E2B73C9C}
		{FD96CB1C-7F6B-418E-A643-78897E86FF5B} = {1CEF1A0D-4A5C-47DD-A4E8-4A1E2D6F4D6E}
		{75D69FF8-48A8-4534-8D05-A62C804D7980} = {1CEF1A0D-4A5C-47DD-A4E8-4A1E2D6F4D6E}
		{287B8162-BFFC-44E3-A2F0-497A9D4D4081} = {B5BA7794-80AA-437D-8ADF-283B7E1520C1}
		{A3739BFB-A147-4C58-887B-FD64F7E420D5} = {B5BA7794-80AA-437D-8ADF-283B7E1520C1}
		{BB9D8013-CDE0-48E2-A3F8-AD3A611B5675} = {FFAB27C3-EF68-4673-95E3-5287E17D68F5}
		{9CC257C4-1362-4156-9DD8-2A0A66A597F7} = {FFAB27C3-EF68-4673-95E3-5287E17D68F5}
	EndGlobalSection
EndGlobal
